
Microsoft Visual Studio Solution File, Format Version 12.00
# Visual Studio Version 17
VisualStudioVersion = 17.4.33110.190
MinimumVisualStudioVersion = 10.0.40219.1
Project("{FAE04EC0-301F-11D3-BF4B-00C04F79EFBC}") = "Homework_14", "Homework_14\Homework_14.csproj", "{2872FA21-B450-472E-A35D-EF74A7349C7E}"
EndProject
Global
	GlobalSection(SolutionConfigurationPlatforms) = preSolution
		Debug|Any CPU = Debug|Any CPU
		Release|Any CPU = Release|Any CPU
	EndGlobalSection
	GlobalSection(ProjectConfigurationPlatforms) = postSolution
		{2872FA21-B450-472E-A35D-EF74A7349C7E}.Debug|Any CPU.ActiveCfg = Debug|Any CPU
		{2872FA21-B450-472E-A35D-EF74A7349C7E}.Debug|Any CPU.Build.0 = Debug|Any CPU
		{2872FA21-B450-472E-A35D-EF74A7349C7E}.Release|Any CPU.ActiveCfg = Release|Any CPU
		{2872FA21-B450-472E-A35D-EF74A7349C7E}.Release|Any CPU.Build.0 = Release|Any CPU
	EndGlobalSection
	GlobalSection(SolutionProperties) = preSolution
		HideSolutionNode = FALSE
	EndGlobalSection
	GlobalSection(ExtensibilityGlobals) = postSolution
		SolutionGuid = {CAC163FB-98F9-4FEF-AE76-A64A34244C53}
	EndGlobalSection
EndGlobal
